// !$*UTF8*$!
{
	archiveVersion = 1;
	classes = {
	};
	objectVersion = 46;
	objects = {

/* Begin PBXFileReference section */
		8DBC6D171CECD246009506CA /* hashTable.swift */ = {isa = PBXFileReference; lastKnownFileType = sourcecode.swift; path = hashTable.swift; sourceTree = "<group>"; };
		8DBC6D181CECD28B009506CA /* hashNode.swift */ = {isa = PBXFileReference; lastKnownFileType = sourcecode.swift; path = hashNode.swift; sourceTree = "<group>"; };
		8DBC6D1C1CECD34D009506CA /* HashTest.swift */ = {isa = PBXFileReference; lastKnownFileType = sourcecode.swift; path = HashTest.swift; sourceTree = "<group>"; };
/* End PBXFileReference section */

/* Begin PBXGroup section */
		8DBC6D101CECD22E009506CA = {
			isa = PBXGroup;
			children = (
				8DBC6D1C1CECD34D009506CA /* HashTest.swift */,
				8DBC6D181CECD28B009506CA /* hashNode.swift */,
				8DBC6D171CECD246009506CA /* hashTable.swift */,
			);
			sourceTree = "<group>";
		};
/* End PBXGroup section */

/* Begin PBXProject section */
		8DBC6D111CECD22E009506CA /* Project object */ = {
			isa = PBXProject;
			attributes = {
				LastUpgradeCheck = 0730;
			};
			buildConfigurationList = 8DBC6D141CECD22E009506CA /* Build configuration list for PBXProject "HashTable" */;
			compatibilityVersion = "Xcode 3.2";
			developmentRegion = English;
			hasScannedForEncodings = 0;
			knownRegions = (
				en,
			);
			mainGroup = 8DBC6D101CECD22E009506CA;
			projectDirPath = "";
			projectRoot = "";
			targets = (
			);
		};
/* End PBXProject section */

/* Begin XCBuildConfiguration section */
		8DBC6D151CECD22E009506CA /* Debug */ = {
			isa = XCBuildConfiguration;
			buildSettings = {
			};
			name = Debug;
		};
		8DBC6D161CECD22E009506CA /* Release */ = {
			isa = XCBuildConfiguration;
			buildSettings = {
			};
			name = Release;
		};
/* End XCBuildConfiguration section */

/* Begin XCConfigurationList section */
		8DBC6D141CECD22E009506CA /* Build configuration list for PBXProject "HashTable" */ = {
			isa = XCConfigurationList;
			buildConfigurations = (
				8DBC6D151CECD22E009506CA /* Debug */,
				8DBC6D161CECD22E009506CA /* Release */,
			);
			defaultConfigurationIsVisible = 0;
			defaultConfigurationName = Release;
		};
/* End XCConfigurationList section */
	};
	rootObject = 8DBC6D111CECD22E009506CA /* Project object */;
}
